
Microsoft Visual Studio Solution File, Format Version 12.00
# Visual Studio 14
VisualStudioVersion = 14.0.25420.1
MinimumVisualStudioVersion = 10.0.40219.1
Project("{2150E333-8FDC-42A3-9474-1A3956D46DE8}") = "Aplication", "Aplication", "{0AAE71D5-D06D-4EB5-B616-19724ADD7896}"
EndProject
Project("{FAE04EC0-301F-11D3-BF4B-00C04F79EFBC}") = "Domain", "Domain\Domain.csproj", "{87509093-F151-440F-8D0D-ED0FF355C408}"
EndProject
Project("{FAE04EC0-301F-11D3-BF4B-00C04F79EFBC}") = "Business", "Business\Business.csproj", "{7040B39A-7FC3-4B1B-924B-7F712FA16FF4}"
EndProject
Project("{FAE04EC0-301F-11D3-BF4B-00C04F79EFBC}") = "Infra", "Infra\Infra.csproj", "{7CC9E7D9-AEB4-4E75-98D0-76361063C25B}"
EndProject
Project("{FAE04EC0-301F-11D3-BF4B-00C04F79EFBC}") = "Startup", "Startup\Startup.csproj", "{F0726ED2-EFFF-4536-9FA6-9985A2A63725}"
EndProject
Project("{FAE04EC0-301F-11D3-BF4B-00C04F79EFBC}") = "Tests", "Tests\Tests.csproj", "{2B446FA5-2477-4FFF-AD6A-FB596E06D676}"
EndProject
Project("{FAE04EC0-301F-11D3-BF4B-00C04F79EFBC}") = "Api", "Api\Api.csproj", "{94227D13-152D-4DA4-8C86-6366677EE79E}"
EndProject
Project("{FAE04EC0-301F-11D3-BF4B-00C04F79EFBC}") = "Console", "Console\Console.csproj", "{E6B97669-F284-4FFF-98BB-6C81F7B5B9A6}"
EndProject
Global
	GlobalSection(SolutionConfigurationPlatforms) = preSolution
		Debug|Any CPU = Debug|Any CPU
		Release|Any CPU = Release|Any CPU
	EndGlobalSection
	GlobalSection(ProjectConfigurationPlatforms) = postSolution
		{87509093-F151-440F-8D0D-ED0FF355C408}.Debug|Any CPU.ActiveCfg = Debug|Any CPU
		{87509093-F151-440F-8D0D-ED0FF355C408}.Debug|Any CPU.Build.0 = Debug|Any CPU
		{87509093-F151-440F-8D0D-ED0FF355C408}.Release|Any CPU.ActiveCfg = Release|Any CPU
		{87509093-F151-440F-8D0D-ED0FF355C408}.Release|Any CPU.Build.0 = Release|Any CPU
		{7040B39A-7FC3-4B1B-924B-7F712FA16FF4}.Debug|Any CPU.ActiveCfg = Debug|Any CPU
		{7040B39A-7FC3-4B1B-924B-7F712FA16FF4}.Debug|Any CPU.Build.0 = Debug|Any CPU
		{7040B39A-7FC3-4B1B-924B-7F712FA16FF4}.Release|Any CPU.ActiveCfg = Release|Any CPU
		{7040B39A-7FC3-4B1B-924B-7F712FA16FF4}.Release|Any CPU.Build.0 = Release|Any CPU
		{7CC9E7D9-AEB4-4E75-98D0-76361063C25B}.Debug|Any CPU.ActiveCfg = Debug|Any CPU
		{7CC9E7D9-AEB4-4E75-98D0-76361063C25B}.Debug|Any CPU.Build.0 = Debug|Any CPU
		{7CC9E7D9-AEB4-4E75-98D0-76361063C25B}.Release|Any CPU.ActiveCfg = Release|Any CPU
		{7CC9E7D9-AEB4-4E75-98D0-76361063C25B}.Release|Any CPU.Build.0 = Release|Any CPU
		{F0726ED2-EFFF-4536-9FA6-9985A2A63725}.Debug|Any CPU.ActiveCfg = Debug|Any CPU
		{F0726ED2-EFFF-4536-9FA6-9985A2A63725}.Debug|Any CPU.Build.0 = Debug|Any CPU
		{F0726ED2-EFFF-4536-9FA6-9985A2A63725}.Release|Any CPU.ActiveCfg = Release|Any CPU
		{F0726ED2-EFFF-4536-9FA6-9985A2A63725}.Release|Any CPU.Build.0 = Release|Any CPU
		{2B446FA5-2477-4FFF-AD6A-FB596E06D676}.Debug|Any CPU.ActiveCfg = Debug|Any CPU
		{2B446FA5-2477-4FFF-AD6A-FB596E06D676}.Debug|Any CPU.Build.0 = Debug|Any CPU
		{2B446FA5-2477-4FFF-AD6A-FB596E06D676}.Release|Any CPU.ActiveCfg = Release|Any CPU
		{2B446FA5-2477-4FFF-AD6A-FB596E06D676}.Release|Any CPU.Build.0 = Release|Any CPU
		{94227D13-152D-4DA4-8C86-6366677EE79E}.Debug|Any CPU.ActiveCfg = Debug|Any CPU
		{94227D13-152D-4DA4-8C86-6366677EE79E}.Debug|Any CPU.Build.0 = Debug|Any CPU
		{94227D13-152D-4DA4-8C86-6366677EE79E}.Release|Any CPU.ActiveCfg = Release|Any CPU
		{94227D13-152D-4DA4-8C86-6366677EE79E}.Release|Any CPU.Build.0 = Release|Any CPU
		{E6B97669-F284-4FFF-98BB-6C81F7B5B9A6}.Debug|Any CPU.ActiveCfg = Debug|Any CPU
		{E6B97669-F284-4FFF-98BB-6C81F7B5B9A6}.Debug|Any CPU.Build.0 = Debug|Any CPU
		{E6B97669-F284-4FFF-98BB-6C81F7B5B9A6}.Release|Any CPU.ActiveCfg = Release|Any CPU
		{E6B97669-F284-4FFF-98BB-6C81F7B5B9A6}.Release|Any CPU.Build.0 = Release|Any CPU
	EndGlobalSection
	GlobalSection(SolutionProperties) = preSolution
		HideSolutionNode = FALSE
	EndGlobalSection
	GlobalSection(NestedProjects) = preSolution
		{87509093-F151-440F-8D0D-ED0FF355C408} = {0AAE71D5-D06D-4EB5-B616-19724ADD7896}
		{7040B39A-7FC3-4B1B-924B-7F712FA16FF4} = {0AAE71D5-D06D-4EB5-B616-19724ADD7896}
		{7CC9E7D9-AEB4-4E75-98D0-76361063C25B} = {0AAE71D5-D06D-4EB5-B616-19724ADD7896}
		{F0726ED2-EFFF-4536-9FA6-9985A2A63725} = {0AAE71D5-D06D-4EB5-B616-19724ADD7896}
		{2B446FA5-2477-4FFF-AD6A-FB596E06D676} = {0AAE71D5-D06D-4EB5-B616-19724ADD7896}
		{94227D13-152D-4DA4-8C86-6366677EE79E} = {0AAE71D5-D06D-4EB5-B616-19724ADD7896}
		{E6B97669-F284-4FFF-98BB-6C81F7B5B9A6} = {0AAE71D5-D06D-4EB5-B616-19724ADD7896}
	EndGlobalSection
EndGlobal
